
Microsoft Visual Studio Solution File, Format Version 12.00
# Visual Studio Version 17
VisualStudioVersion = 17.9.34607.119
MinimumVisualStudioVersion = 10.0.40219.1
Project("{9A19103F-16F7-4668-BE54-9A1E7A4F7556}") = "ArchivenewDomain", "ArchivenewDomain\ArchivenewDomain.csproj", "{1114AE12-E38C-4011-965B-0DEE77F4423D}"
EndProject
Project("{9A19103F-16F7-4668-BE54-9A1E7A4F7556}") = "ArchivenewInfrastructure", "ArchivenewInfrastructure\ArchivenewInfrastructure.csproj", "{2840B110-3D32-4E52-996B-13EEEE8E6C16}"
EndProject
Project("{2150E333-8FDC-42A3-9474-1A3956D46DE8}") = "Solution Items", "Solution Items", "{A1F5E84D-3BD1-4EDE-B017-CA613CF8CCC5}"
EndProject
Global
	GlobalSection(SolutionConfigurationPlatforms) = preSolution
		Debug|Any CPU = Debug|Any CPU
		Release|Any CPU = Release|Any CPU
	EndGlobalSection
	GlobalSection(ProjectConfigurationPlatforms) = postSolution
		{1114AE12-E38C-4011-965B-0DEE77F4423D}.Debug|Any CPU.ActiveCfg = Debug|Any CPU
		{1114AE12-E38C-4011-965B-0DEE77F4423D}.Debug|Any CPU.Build.0 = Debug|Any CPU
		{1114AE12-E38C-4011-965B-0DEE77F4423D}.Release|Any CPU.ActiveCfg = Release|Any CPU
		{1114AE12-E38C-4011-965B-0DEE77F4423D}.Release|Any CPU.Build.0 = Release|Any CPU
		{2840B110-3D32-4E52-996B-13EEEE8E6C16}.Debug|Any CPU.ActiveCfg = Debug|Any CPU
		{2840B110-3D32-4E52-996B-13EEEE8E6C16}.Debug|Any CPU.Build.0 = Debug|Any CPU
		{2840B110-3D32-4E52-996B-13EEEE8E6C16}.Release|Any CPU.ActiveCfg = Release|Any CPU
		{2840B110-3D32-4E52-996B-13EEEE8E6C16}.Release|Any CPU.Build.0 = Release|Any CPU
	EndGlobalSection
	GlobalSection(SolutionProperties) = preSolution
		HideSolutionNode = FALSE
	EndGlobalSection
	GlobalSection(ExtensibilityGlobals) = postSolution
		SolutionGuid = {7567F367-867A-4CD5-B38A-46AE5F4E7E52}
	EndGlobalSection
EndGlobal
